
Microsoft Visual Studio Solution File, Format Version 12.00
# Visual Studio 15
VisualStudioVersion = 15.0.26430.14
MinimumVisualStudioVersion = 10.0.40219.1
Project("{FAE04EC0-301F-11D3-BF4B-00C04F79EFBC}") = "design_patterns_csharp", "design_patterns_csharp.csproj", "{DBD50EA3-708A-4565-8EB0-C7CD7B37FB31}"
EndProject
Global
	GlobalSection(SolutionConfigurationPlatforms) = preSolution
		Debug|Any CPU = Debug|Any CPU
		Release|Any CPU = Release|Any CPU
	EndGlobalSection
	GlobalSection(ProjectConfigurationPlatforms) = postSolution
		{DBD50EA3-708A-4565-8EB0-C7CD7B37FB31}.Debug|Any CPU.ActiveCfg = Debug|Any CPU
		{DBD50EA3-708A-4565-8EB0-C7CD7B37FB31}.Debug|Any CPU.Build.0 = Debug|Any CPU
		{DBD50EA3-708A-4565-8EB0-C7CD7B37FB31}.Release|Any CPU.ActiveCfg = Release|Any CPU
		{DBD50EA3-708A-4565-8EB0-C7CD7B37FB31}.Release|Any CPU.Build.0 = Release|Any CPU
	EndGlobalSection
	GlobalSection(SolutionProperties) = preSolution
		HideSolutionNode = FALSE
	EndGlobalSection
EndGlobal
